// !$*UTF8*$!
{
	archiveVersion = 1;
	classes = {
	};
	objectVersion = 55;
	objects = {

/* Begin PBXBuildFile section */
		A18F54E2285B1E1900574240 /* AppDelegate.swift in Sources */ = {isa = PBXBuildFile; fileRef = A18F54E1285B1E1900574240 /* AppDelegate.swift */; };
		A18F54E4285B1E1900574240 /* SceneDelegate.swift in Sources */ = {isa = PBXBuildFile; fileRef = A18F54E3285B1E1900574240 /* SceneDelegate.swift */; };
		A18F54E6285B1E1900574240 /* ViewController.swift in Sources */ = {isa = PBXBuildFile; fileRef = A18F54E5285B1E1900574240 /* ViewController.swift */; };
		A18F54E9285B1E1900574240 /* Main.storyboard in Resources */ = {isa = PBXBuildFile; fileRef = A18F54E7285B1E1900574240 /* Main.storyboard */; };
		A18F54EB285B1E2400574240 /* Assets.xcassets in Resources */ = {isa = PBXBuildFile; fileRef = A18F54EA285B1E2400574240 /* Assets.xcassets */; };
		A18F54EE285B1E2400574240 /* LaunchScreen.storyboard in Resources */ = {isa = PBXBuildFile; fileRef = A18F54EC285B1E2400574240 /* LaunchScreen.storyboard */; };
		A18F54F9285B1E2500574240 /* GitTests.swift in Sources */ = {isa = PBXBuildFile; fileRef = A18F54F8285B1E2500574240 /* GitTests.swift */; };
		A18F5503285B1E2500574240 /* GitUITests.swift in Sources */ = {isa = PBXBuildFile; fileRef = A18F5502285B1E2500574240 /* GitUITests.swift */; };
		A18F5505285B1E2500574240 /* GitUITestsLaunchTests.swift in Sources */ = {isa = PBXBuildFile; fileRef = A18F5504285B1E2500574240 /* GitUITestsLaunchTests.swift */; };
/* End PBXBuildFile section */

/* Begin PBXContainerItemProxy section */
		A18F54F5285B1E2500574240 /* PBXContainerItemProxy */ = {
			isa = PBXContainerItemProxy;
			containerPortal = A18F54D6285B1E1900574240 /* Project object */;
			proxyType = 1;
			remoteGlobalIDString = A18F54DD285B1E1900574240;
			remoteInfo = Git;
		};
		A18F54FF285B1E2500574240 /* PBXContainerItemProxy */ = {
			isa = PBXContainerItemProxy;
			containerPortal = A18F54D6285B1E1900574240 /* Project object */;
			proxyType = 1;
			remoteGlobalIDString = A18F54DD285B1E1900574240;
			remoteInfo = Git;
		};
/* End PBXContainerItemProxy section */

/* Begin PBXFileReference section */
		A18F54DE285B1E1900574240 /* Git.app */ = {isa = PBXFileReference; explicitFileType = wrapper.application; includeInIndex = 0; path = Git.app; sourceTree = BUILT_PRODUCTS_DIR; };
		A18F54E1285B1E1900574240 /* AppDelegate.swift */ = {isa = PBXFileReference; lastKnownFileType = sourcecode.swift; path = AppDelegate.swift; sourceTree = "<group>"; };
		A18F54E3285B1E1900574240 /* SceneDelegate.swift */ = {isa = PBXFileReference; lastKnownFileType = sourcecode.swift; path = SceneDelegate.swift; sourceTree = "<group>"; };
		A18F54E5285B1E1900574240 /* ViewController.swift */ = {isa = PBXFileReference; lastKnownFileType = sourcecode.swift; path = ViewController.swift; sourceTree = "<group>"; };
		A18F54E8285B1E1900574240 /* Base */ = {isa = PBXFileReference; lastKnownFileType = file.storyboard; name = Base; path = Base.lproj/Main.storyboard; sourceTree = "<group>"; };
		A18F54EA285B1E2400574240 /* Assets.xcassets */ = {isa = PBXFileReference; lastKnownFileType = folder.assetcatalog; path = Assets.xcassets; sourceTree = "<group>"; };
		A18F54ED285B1E2400574240 /* Base */ = {isa = PBXFileReference; lastKnownFileType = file.storyboard; name = Base; path = Base.lproj/LaunchScreen.storyboard; sourceTree = "<group>"; };
		A18F54EF285B1E2400574240 /* Info.plist */ = {isa = PBXFileReference; lastKnownFileType = text.plist.xml; path = Info.plist; sourceTree = "<group>"; };
		A18F54F4285B1E2500574240 /* GitTests.xctest */ = {isa = PBXFileReference; explicitFileType = wrapper.cfbundle; includeInIndex = 0; path = GitTests.xctest; sourceTree = BUILT_PRODUCTS_DIR; };
		A18F54F8285B1E2500574240 /* GitTests.swift */ = {isa = PBXFileReference; lastKnownFileType = sourcecode.swift; path = GitTests.swift; sourceTree = "<group>"; };
		A18F54FE285B1E2500574240 /* GitUITests.xctest */ = {isa = PBXFileReference; explicitFileType = wrapper.cfbundle; includeInIndex = 0; path = GitUITests.xctest; sourceTree = BUILT_PRODUCTS_DIR; };
		A18F5502285B1E2500574240 /* GitUITests.swift */ = {isa = PBXFileReference; lastKnownFileType = sourcecode.swift; path = GitUITests.swift; sourceTree = "<group>"; };
		A18F5504285B1E2500574240 /* GitUITestsLaunchTests.swift */ = {isa = PBXFileReference; lastKnownFileType = sourcecode.swift; path = GitUITestsLaunchTests.swift; sourceTree = "<group>"; };
/* End PBXFileReference section */

/* Begin PBXFrameworksBuildPhase section */
		A18F54DB285B1E1900574240 /* Frameworks */ = {
			isa = PBXFrameworksBuildPhase;
			buildActionMask = 2147483647;
			files = (
			);
			runOnlyForDeploymentPostprocessing = 0;
		};
		A18F54F1285B1E2500574240 /* Frameworks */ = {
			isa = PBXFrameworksBuildPhase;
			buildActionMask = 2147483647;
			files = (
			);
			runOnlyForDeploymentPostprocessing = 0;
		};
		A18F54FB285B1E2500574240 /* Frameworks */ = {
			isa = PBXFrameworksBuildPhase;
			buildActionMask = 2147483647;
			files = (
			);
			runOnlyForDeploymentPostprocessing = 0;
		};
/* End PBXFrameworksBuildPhase section */

/* Begin PBXGroup section */
		A18F54D5285B1E1900574240 = {
			isa = PBXGroup;
			children = (
				A18F54E0285B1E1900574240 /* Git */,
				A18F54F7285B1E2500574240 /* GitTests */,
				A18F5501285B1E2500574240 /* GitUITests */,
				A18F54DF285B1E1900574240 /* Products */,
			);
			sourceTree = "<group>";
		};
		A18F54DF285B1E1900574240 /* Products */ = {
			isa = PBXGroup;
			children = (
				A18F54DE285B1E1900574240 /* Git.app */,
				A18F54F4285B1E2500574240 /* GitTests.xctest */,
				A18F54FE285B1E2500574240 /* GitUITests.xctest */,
			);
			name = Products;
			sourceTree = "<group>";
		};
		A18F54E0285B1E1900574240 /* Git */ = {
			isa = PBXGroup;
			children = (
				A18F54E1285B1E1900574240 /* AppDelegate.swift */,
				A18F54E3285B1E1900574240 /* SceneDelegate.swift */,
				A18F54E5285B1E1900574240 /* ViewController.swift */,
				A18F54E7285B1E1900574240 /* Main.storyboard */,
				A18F54EA285B1E2400574240 /* Assets.xcassets */,
				A18F54EC285B1E2400574240 /* LaunchScreen.storyboard */,
				A18F54EF285B1E2400574240 /* Info.plist */,
			);
			path = Git;
			sourceTree = "<group>";
		};
		A18F54F7285B1E2500574240 /* GitTests */ = {
			isa = PBXGroup;
			children = (
				A18F54F8285B1E2500574240 /* GitTests.swift */,
			);
			path = GitTests;
			sourceTree = "<group>";
		};
		A18F5501285B1E2500574240 /* GitUITests */ = {
			isa = PBXGroup;
			children = (
				A18F5502285B1E2500574240 /* GitUITests.swift */,
				A18F5504285B1E2500574240 /* GitUITestsLaunchTests.swift */,
			);
			path = GitUITests;
			sourceTree = "<group>";
		};
/* End PBXGroup section */

/* Begin PBXNativeTarget section */
		A18F54DD285B1E1900574240 /* Git */ = {
			isa = PBXNativeTarget;
			buildConfigurationList = A18F5508285B1E2500574240 /* Build configuration list for PBXNativeTarget "Git" */;
			buildPhases = (
				A18F54DA285B1E1900574240 /* Sources */,
				A18F54DB285B1E1900574240 /* Frameworks */,
				A18F54DC285B1E1900574240 /* Resources */,
			);
			buildRules = (
			);
			dependencies = (
			);
			name = Git;
			productName = Git;
			productReference = A18F54DE285B1E1900574240 /* Git.app */;
			productType = "com.apple.product-type.application";
		};
		A18F54F3285B1E2500574240 /* GitTests */ = {
			isa = PBXNativeTarget;
			buildConfigurationList = A18F550B285B1E2500574240 /* Build configuration list for PBXNativeTarget "GitTests" */;
			buildPhases = (
				A18F54F0285B1E2500574240 /* Sources */,
				A18F54F1285B1E2500574240 /* Frameworks */,
				A18F54F2285B1E2500574240 /* Resources */,
			);
			buildRules = (
			);
			dependencies = (
				A18F54F6285B1E2500574240 /* PBXTargetDependency */,
			);
			name = GitTests;
			productName = GitTests;
			productReference = A18F54F4285B1E2500574240 /* GitTests.xctest */;
			productType = "com.apple.product-type.bundle.unit-test";
		};
		A18F54FD285B1E2500574240 /* GitUITests */ = {
			isa = PBXNativeTarget;
			buildConfigurationList = A18F550E285B1E2500574240 /* Build configuration list for PBXNativeTarget "GitUITests" */;
			buildPhases = (
				A18F54FA285B1E2500574240 /* Sources */,
				A18F54FB285B1E2500574240 /* Frameworks */,
				A18F54FC285B1E2500574240 /* Resources */,
			);
			buildRules = (
			);
			dependencies = (
				A18F5500285B1E2500574240 /* PBXTargetDependency */,
			);
			name = GitUITests;
			productName = GitUITests;
			productReference = A18F54FE285B1E2500574240 /* GitUITests.xctest */;
			productType = "com.apple.product-type.bundle.ui-testing";
		};
/* End PBXNativeTarget section */

/* Begin PBXProject section */
		A18F54D6285B1E1900574240 /* Project object */ = {
			isa = PBXProject;
			attributes = {
				BuildIndependentTargetsInParallel = 1;
				LastSwiftUpdateCheck = 1300;
				LastUpgradeCheck = 1300;
				TargetAttributes = {
					A18F54DD285B1E1900574240 = {
						CreatedOnToolsVersion = 13.0;
					};
					A18F54F3285B1E2500574240 = {
						CreatedOnToolsVersion = 13.0;
						TestTargetID = A18F54DD285B1E1900574240;
					};
					A18F54FD285B1E2500574240 = {
						CreatedOnToolsVersion = 13.0;
						TestTargetID = A18F54DD285B1E1900574240;
					};
				};
			};
			buildConfigurationList = A18F54D9285B1E1900574240 /* Build configuration list for PBXProject "Git" */;
			compatibilityVersion = "Xcode 13.0";
			developmentRegion = en;
			hasScannedForEncodings = 0;
			knownRegions = (
				en,
				Base,
			);
			mainGroup = A18F54D5285B1E1900574240;
			productRefGroup = A18F54DF285B1E1900574240 /* Products */;
			projectDirPath = "";
			projectRoot = "";
			targets = (
				A18F54DD285B1E1900574240 /* Git */,
				A18F54F3285B1E2500574240 /* GitTests */,
				A18F54FD285B1E2500574240 /* GitUITests */,
			);
		};
/* End PBXProject section */

/* Begin PBXResourcesBuildPhase section */
		A18F54DC285B1E1900574240 /* Resources */ = {
			isa = PBXResourcesBuildPhase;
			buildActionMask = 2147483647;
			files = (
				A18F54EE285B1E2400574240 /* LaunchScreen.storyboard in Resources */,
				A18F54EB285B1E2400574240 /* Assets.xcassets in Resources */,
				A18F54E9285B1E1900574240 /* Main.storyboard in Resources */,
			);
			runOnlyForDeploymentPostprocessing = 0;
		};
		A18F54F2285B1E2500574240 /* Resources */ = {
			isa = PBXResourcesBuildPhase;
			buildActionMask = 2147483647;
			files = (
			);
			runOnlyForDeploymentPostprocessing = 0;
		};
		A18F54FC285B1E2500574240 /* Resources */ = {
			isa = PBXResourcesBuildPhase;
			buildActionMask = 2147483647;
			files = (
			);
			runOnlyForDeploymentPostprocessing = 0;
		};
/* End PBXResourcesBuildPhase section */

/* Begin PBXSourcesBuildPhase section */
		A18F54DA285B1E1900574240 /* Sources */ = {
			isa = PBXSourcesBuildPhase;
			buildActionMask = 2147483647;
			files = (
				A18F54E6285B1E1900574240 /* ViewController.swift in Sources */,
				A18F54E2285B1E1900574240 /* AppDelegate.swift in Sources */,
				A18F54E4285B1E1900574240 /* SceneDelegate.swift in Sources */,
			);
			runOnlyForDeploymentPostprocessing = 0;
		};
		A18F54F0285B1E2500574240 /* Sources */ = {
			isa = PBXSourcesBuildPhase;
			buildActionMask = 2147483647;
			files = (
				A18F54F9285B1E2500574240 /* GitTests.swift in Sources */,
			);
			runOnlyForDeploymentPostprocessing = 0;
		};
		A18F54FA285B1E2500574240 /* Sources */ = {
			isa = PBXSourcesBuildPhase;
			buildActionMask = 2147483647;
			files = (
				A18F5503285B1E2500574240 /* GitUITests.swift in Sources */,
				A18F5505285B1E2500574240 /* GitUITestsLaunchTests.swift in Sources */,
			);
			runOnlyForDeploymentPostprocessing = 0;
		};
/* End PBXSourcesBuildPhase section */

/* Begin PBXTargetDependency section */
		A18F54F6285B1E2500574240 /* PBXTargetDependency */ = {
			isa = PBXTargetDependency;
			target = A18F54DD285B1E1900574240 /* Git */;
			targetProxy = A18F54F5285B1E2500574240 /* PBXContainerItemProxy */;
		};
		A18F5500285B1E2500574240 /* PBXTargetDependency */ = {
			isa = PBXTargetDependency;
			target = A18F54DD285B1E1900574240 /* Git */;
			targetProxy = A18F54FF285B1E2500574240 /* PBXContainerItemProxy */;
		};
/* End PBXTargetDependency section */

/* Begin PBXVariantGroup section */
		A18F54E7285B1E1900574240 /* Main.storyboard */ = {
			isa = PBXVariantGroup;
			children = (
				A18F54E8285B1E1900574240 /* Base */,
			);
			name = Main.storyboard;
			sourceTree = "<group>";
		};
		A18F54EC285B1E2400574240 /* LaunchScreen.storyboard */ = {
			isa = PBXVariantGroup;
			children = (
				A18F54ED285B1E2400574240 /* Base */,
			);
			name = LaunchScreen.storyboard;
			sourceTree = "<group>";
		};
/* End PBXVariantGroup section */

/* Begin XCBuildConfiguration section */
		A18F5506285B1E2500574240 /* Debug */ = {
			isa = XCBuildConfiguration;
			buildSettings = {
				ALWAYS_SEARCH_USER_PATHS = NO;
				CLANG_ANALYZER_NONNULL = YES;
				CLANG_ANALYZER_NUMBER_OBJECT_CONVERSION = YES_AGGRESSIVE;
				CLANG_CXX_LANGUAGE_STANDARD = "gnu++17";
				CLANG_CXX_LIBRARY = "libc++";
				CLANG_ENABLE_MODULES = YES;
				CLANG_ENABLE_OBJC_ARC = YES;
				CLANG_ENABLE_OBJC_WEAK = YES;
				CLANG_WARN_BLOCK_CAPTURE_AUTORELEASING = YES;
				CLANG_WARN_BOOL_CONVERSION = YES;
				CLANG_WARN_COMMA = YES;
				CLANG_WARN_CONSTANT_CONVERSION = YES;
				CLANG_WARN_DEPRECATED_OBJC_IMPLEMENTATIONS = YES;
				CLANG_WARN_DIRECT_OBJC_ISA_USAGE = YES_ERROR;
				CLANG_WARN_DOCUMENTATION_COMMENTS = YES;
				CLANG_WARN_EMPTY_BODY = YES;
				CLANG_WARN_ENUM_CONVERSION = YES;
				CLANG_WARN_INFINITE_RECURSION = YES;
				CLANG_WARN_INT_CONVERSION = YES;
				CLANG_WARN_NON_LITERAL_NULL_CONVERSION = YES;
				CLANG_WARN_OBJC_IMPLICIT_RETAIN_SELF = YES;
				CLANG_WARN_OBJC_LITERAL_CONVERSION = YES;
				CLANG_WARN_OBJC_ROOT_CLASS = YES_ERROR;
				CLANG_WARN_QUOTED_INCLUDE_IN_FRAMEWORK_HEADER = YES;
				CLANG_WARN_RANGE_LOOP_ANALYSIS = YES;
				CLANG_WARN_STRICT_PROTOTYPES = YES;
				CLANG_WARN_SUSPICIOUS_MOVE = YES;
				CLANG_WARN_UNGUARDED_AVAILABILITY = YES_AGGRESSIVE;
				CLANG_WARN_UNREACHABLE_CODE = YES;
				CLANG_WARN__DUPLICATE_METHOD_MATCH = YES;
				COPY_PHASE_STRIP = NO;
				DEBUG_INFORMATION_FORMAT = dwarf;
				ENABLE_STRICT_OBJC_MSGSEND = YES;
				ENABLE_TESTABILITY = YES;
				GCC_C_LANGUAGE_STANDARD = gnu11;
				GCC_DYNAMIC_NO_PIC = NO;
				GCC_NO_COMMON_BLOCKS = YES;
				GCC_OPTIMIZATION_LEVEL = 0;
				GCC_PREPROCESSOR_DEFINITIONS = (
					"DEBUG=1",
					"$(inherited)",
				);
				GCC_WARN_64_TO_32_BIT_CONVERSION = YES;
				GCC_WARN_ABOUT_RETURN_TYPE = YES_ERROR;
				GCC_WARN_UNDECLARED_SELECTOR = YES;
				GCC_WARN_UNINITIALIZED_AUTOS = YES_AGGRESSIVE;
				GCC_WARN_UNUSED_FUNCTION = YES;
				GCC_WARN_UNUSED_VARIABLE = YES;
				IPHONEOS_DEPLOYMENT_TARGET = 15.0;
				MTL_ENABLE_DEBUG_INFO = INCLUDE_SOURCE;
				MTL_FAST_MATH = YES;
				ONLY_ACTIVE_ARCH = YES;
				SDKROOT = iphoneos;
				SWIFT_ACTIVE_COMPILATION_CONDITIONS = DEBUG;
				SWIFT_OPTIMIZATION_LEVEL = "-Onone";
			};
			name = Debug;
		};
		A18F5507285B1E2500574240 /* Release */ = {
			isa = XCBuildConfiguration;
			buildSettings = {
				ALWAYS_SEARCH_USER_PATHS = NO;
				CLANG_ANALYZER_NONNULL = YES;
				CLANG_ANALYZER_NUMBER_OBJECT_CONVERSION = YES_AGGRESSIVE;
				CLANG_CXX_LANGUAGE_STANDARD = "gnu++17";
				CLANG_CXX_LIBRARY = "libc++";
				CLANG_ENABLE_MODULES = YES;
				CLANG_ENABLE_OBJC_ARC = YES;
				CLANG_ENABLE_OBJC_WEAK = YES;
				CLANG_WARN_BLOCK_CAPTURE_AUTORELEASING = YES;
				CLANG_WARN_BOOL_CONVERSION = YES;
				CLANG_WARN_COMMA = YES;
				CLANG_WARN_CONSTANT_CONVERSION = YES;
				CLANG_WARN_DEPRECATED_OBJC_IMPLEMENTATIONS = YES;
				CLANG_WARN_DIRECT_OBJC_ISA_USAGE = YES_ERROR;
				CLANG_WARN_DOCUMENTATION_COMMENTS = YES;
				CLANG_WARN_EMPTY_BODY = YES;
				CLANG_WARN_ENUM_CONVERSION = YES;
				CLANG_WARN_INFINITE_RECURSION = YES;
				CLANG_WARN_INT_CONVERSION = YES;
				CLANG_WARN_NON_LITERAL_NULL_CONVERSION = YES;
				CLANG_WARN_OBJC_IMPLICIT_RETAIN_SELF = YES;
				CLANG_WARN_OBJC_LITERAL_CONVERSION = YES;
				CLANG_WARN_OBJC_ROOT_CLASS = YES_ERROR;
				CLANG_WARN_QUOTED_INCLUDE_IN_FRAMEWORK_HEADER = YES;
				CLANG_WARN_RANGE_LOOP_ANALYSIS = YES;
				CLANG_WARN_STRICT_PROTOTYPES = YES;
				CLANG_WARN_SUSPICIOUS_MOVE = YES;
				CLANG_WARN_UNGUARDED_AVAILABILITY = YES_AGGRESSIVE;
				CLANG_WARN_UNREACHABLE_CODE = YES;
				CLANG_WARN__DUPLICATE_METHOD_MATCH = YES;
				COPY_PHASE_STRIP = NO;
				DEBUG_INFORMATION_FORMAT = "dwarf-with-dsym";
				ENABLE_NS_ASSERTIONS = NO;
				ENABLE_STRICT_OBJC_MSGSEND = YES;
				GCC_C_LANGUAGE_STANDARD = gnu11;
				GCC_NO_COMMON_BLOCKS = YES;
				GCC_WARN_64_TO_32_BIT_CONVERSION = YES;
				GCC_WARN_ABOUT_RETURN_TYPE = YES_ERROR;
				GCC_WARN_UNDECLARED_SELECTOR = YES;
				GCC_WARN_UNINITIALIZED_AUTOS = YES_AGGRESSIVE;
				GCC_WARN_UNUSED_FUNCTION = YES;
				GCC_WARN_UNUSED_VARIABLE = YES;
				IPHONEOS_DEPLOYMENT_TARGET = 15.0;
				MTL_ENABLE_DEBUG_INFO = NO;
				MTL_FAST_MATH = YES;
				SDKROOT = iphoneos;
				SWIFT_COMPILATION_MODE = wholemodule;
				SWIFT_OPTIMIZATION_LEVEL = "-O";
				VALIDATE_PRODUCT = YES;
			};
			name = Release;
		};
		A18F5509285B1E2500574240 /* Debug */ = {
			isa = XCBuildConfiguration;
			buildSettings = {
				ASSETCATALOG_COMPILER_APPICON_NAME = AppIcon;
				ASSETCATALOG_COMPILER_GLOBAL_ACCENT_COLOR_NAME = AccentColor;
				CODE_SIGN_STYLE = Manual;
				CURRENT_PROJECT_VERSION = 1;
				DEVELOPMENT_TEAM = "";
				GENERATE_INFOPLIST_FILE = YES;
				INFOPLIST_FILE = Git/Info.plist;
				INFOPLIST_KEY_UIApplicationSupportsIndirectInputEvents = YES;
				INFOPLIST_KEY_UILaunchStoryboardName = LaunchScreen;
				INFOPLIST_KEY_UIMainStoryboardFile = Main;
				INFOPLIST_KEY_UISupportedInterfaceOrientations_iPad = "UIInterfaceOrientationPortrait UIInterfaceOrientationPortraitUpsideDown UIInterfaceOrientationLandscapeLeft UIInterfaceOrientationLandscapeRight";
				INFOPLIST_KEY_UISupportedInterfaceOrientations_iPhone = "UIInterfaceOrientationPortrait UIInterfaceOrientationLandscapeLeft UIInterfaceOrientationLandscapeRight";
				LD_RUNPATH_SEARCH_PATHS = (
					"$(inherited)",
					"@executable_path/Frameworks",
				);
				MARKETING_VERSION = 1.0;
				PRODUCT_BUNDLE_IDENTIFIER = com..Git;
				PRODUCT_NAME = "$(TARGET_NAME)";
				PROVISIONING_PROFILE_SPECIFIER = "";
				SWIFT_EMIT_LOC_STRINGS = YES;
				SWIFT_VERSION = 5.0;
				TARGETED_DEVICE_FAMILY = "1,2";
			};
			name = Debug;
		};
		A18F550A285B1E2500574240 /* Release */ = {
			isa = XCBuildConfiguration;
			buildSettings = {
				ASSETCATALOG_COMPILER_APPICON_NAME = AppIcon;
				ASSETCATALOG_COMPILER_GLOBAL_ACCENT_COLOR_NAME = AccentColor;
				CODE_SIGN_STYLE = Manual;
				CURRENT_PROJECT_VERSION = 1;
				DEVELOPMENT_TEAM = "";
				GENERATE_INFOPLIST_FILE = YES;
				INFOPLIST_FILE = Git/Info.plist;
				INFOPLIST_KEY_UIApplicationSupportsIndirectInputEvents = YES;
				INFOPLIST_KEY_UILaunchStoryboardName = LaunchScreen;
				INFOPLIST_KEY_UIMainStoryboardFile = Main;
				INFOPLIST_KEY_UISupportedInterfaceOrientations_iPad = "UIInterfaceOrientationPortrait UIInterfaceOrientationPortraitUpsideDown UIInterfaceOrientationLandscapeLeft UIInterfaceOrientationLandscapeRight";
				INFOPLIST_KEY_UISupportedInterfaceOrientations_iPhone = "UIInterfaceOrientationPortrait UIInterfaceOrientationLandscapeLeft UIInterfaceOrientationLandscapeRight";
				LD_RUNPATH_SEARCH_PATHS = (
					"$(inherited)",
					"@executable_path/Frameworks",
				);
				MARKETING_VERSION = 1.0;
				PRODUCT_BUNDLE_IDENTIFIER = com..Git;
				PRODUCT_NAME = "$(TARGET_NAME)";
				PROVISIONING_PROFILE_SPECIFIER = "";
				SWIFT_EMIT_LOC_STRINGS = YES;
				SWIFT_VERSION = 5.0;
				TARGETED_DEVICE_FAMILY = "1,2";
			};
			name = Release;
		};
		A18F550C285B1E2500574240 /* Debug */ = {
			isa = XCBuildConfiguration;
			buildSettings = {
				ALWAYS_EMBED_SWIFT_STANDARD_LIBRARIES = YES;
				BUNDLE_LOADER = "$(TEST_HOST)";
				CODE_SIGN_STYLE = Automatic;
				CURRENT_PROJECT_VERSION = 1;
				GENERATE_INFOPLIST_FILE = YES;
				IPHONEOS_DEPLOYMENT_TARGET = 15.0;
				LD_RUNPATH_SEARCH_PATHS = (
					"$(inherited)",
					"@executable_path/Frameworks",
					"@loader_path/Frameworks",
				);
				MARKETING_VERSION = 1.0;
				PRODUCT_BUNDLE_IDENTIFIER = com..GitTests;
				PRODUCT_NAME = "$(TARGET_NAME)";
				SWIFT_EMIT_LOC_STRINGS = NO;
				SWIFT_VERSION = 5.0;
				TARGETED_DEVICE_FAMILY = "1,2";
				TEST_HOST = "$(BUILT_PRODUCTS_DIR)/Git.app/Git";
			};
			name = Debug;
		};
		A18F550D285B1E2500574240 /* Release */ = {
			isa = XCBuildConfiguration;
			buildSettings = {
				ALWAYS_EMBED_SWIFT_STANDARD_LIBRARIES = YES;
				BUNDLE_LOADER = "$(TEST_HOST)";
				CODE_SIGN_STYLE = Automatic;
				CURRENT_PROJECT_VERSION = 1;
				GENERATE_INFOPLIST_FILE = YES;
				IPHONEOS_DEPLOYMENT_TARGET = 15.0;
				LD_RUNPATH_SEARCH_PATHS = (
					"$(inherited)",
					"@executable_path/Frameworks",
					"@loader_path/Frameworks",
				);
				MARKETING_VERSION = 1.0;
				PRODUCT_BUNDLE_IDENTIFIER = com..GitTests;
				PRODUCT_NAME = "$(TARGET_NAME)";
				SWIFT_EMIT_LOC_STRINGS = NO;
				SWIFT_VERSION = 5.0;
				TARGETED_DEVICE_FAMILY = "1,2";
				TEST_HOST = "$(BUILT_PRODUCTS_DIR)/Git.app/Git";
			};
			name = Release;
		};
		A18F550F285B1E2500574240 /* Debug */ = {
			isa = XCBuildConfiguration;
			buildSettings = {
				ALWAYS_EMBED_SWIFT_STANDARD_LIBRARIES = YES;
				CODE_SIGN_STYLE = Automatic;
				CURRENT_PROJECT_VERSION = 1;
				GENERATE_INFOPLIST_FILE = YES;
				LD_RUNPATH_SEARCH_PATHS = (
					"$(inherited)",
					"@executable_path/Frameworks",
					"@loader_path/Frameworks",
				);
				MARKETING_VERSION = 1.0;
				PRODUCT_BUNDLE_IDENTIFIER = com..GitUITests;
				PRODUCT_NAME = "$(TARGET_NAME)";
				SWIFT_EMIT_LOC_STRINGS = NO;
				SWIFT_VERSION = 5.0;
				TARGETED_DEVICE_FAMILY = "1,2";
				TEST_TARGET_NAME = Git;
			};
			name = Debug;
		};
		A18F5510285B1E2500574240 /* Release */ = {
			isa = XCBuildConfiguration;
			buildSettings = {
				ALWAYS_EMBED_SWIFT_STANDARD_LIBRARIES = YES;
				CODE_SIGN_STYLE = Automatic;
				CURRENT_PROJECT_VERSION = 1;
				GENERATE_INFOPLIST_FILE = YES;
				LD_RUNPATH_SEARCH_PATHS = (
					"$(inherited)",
					"@executable_path/Frameworks",
					"@loader_path/Frameworks",
				);
				MARKETING_VERSION = 1.0;
				PRODUCT_BUNDLE_IDENTIFIER = com..GitUITests;
				PRODUCT_NAME = "$(TARGET_NAME)";
				SWIFT_EMIT_LOC_STRINGS = NO;
				SWIFT_VERSION = 5.0;
				TARGETED_DEVICE_FAMILY = "1,2";
				TEST_TARGET_NAME = Git;
			};
			name = Release;
		};
/* End XCBuildConfiguration section */

/* Begin XCConfigurationList section */
		A18F54D9285B1E1900574240 /* Build configuration list for PBXProject "Git" */ = {
			isa = XCConfigurationList;
			buildConfigurations = (
				A18F5506285B1E2500574240 /* Debug */,
				A18F5507285B1E2500574240 /* Release */,
			);
			defaultConfigurationIsVisible = 0;
			defaultConfigurationName = Release;
		};
		A18F5508285B1E2500574240 /* Build configuration list for PBXNativeTarget "Git" */ = {
			isa = XCConfigurationList;
			buildConfigurations = (
				A18F5509285B1E2500574240 /* Debug */,
				A18F550A285B1E2500574240 /* Release */,
			);
			defaultConfigurationIsVisible = 0;
			defaultConfigurationName = Release;
		};
		A18F550B285B1E2500574240 /* Build configuration list for PBXNativeTarget "GitTests" */ = {
			isa = XCConfigurationList;
			buildConfigurations = (
				A18F550C285B1E2500574240 /* Debug */,
				A18F550D285B1E2500574240 /* Release */,
			);
			defaultConfigurationIsVisible = 0;
			defaultConfigurationName = Release;
		};
		A18F550E285B1E2500574240 /* Build configuration list for PBXNativeTarget "GitUITests" */ = {
			isa = XCConfigurationList;
			buildConfigurations = (
				A18F550F285B1E2500574240 /* Debug */,
				A18F5510285B1E2500574240 /* Release */,
			);
			defaultConfigurationIsVisible = 0;
			defaultConfigurationName = Release;
		};
/* End XCConfigurationList section */
	};
	rootObject = A18F54D6285B1E1900574240 /* Project object */;
}
